// !$*UTF8*$!
{
	archiveVersion = 1;
	classes = {
	};
	objectVersion = 46;
	objects = {

/* Begin PBXBuildFile section */
		984197771F4173E3002A093B /* tippy.gif in Resources */ = {isa = PBXBuildFile; fileRef = 984197761F4173E3002A093B /* tippy.gif */; };
		984CDFD81F412B58009AE52F /* Constants.swift in Sources */ = {isa = PBXBuildFile; fileRef = 984CDFD71F412B58009AE52F /* Constants.swift */; };
		989867531F3D92D5008551F2 /* AppDelegate.swift in Sources */ = {isa = PBXBuildFile; fileRef = 989867521F3D92D5008551F2 /* AppDelegate.swift */; };
		989867551F3D92D5008551F2 /* ViewController.swift in Sources */ = {isa = PBXBuildFile; fileRef = 989867541F3D92D5008551F2 /* ViewController.swift */; };
		989867581F3D92D5008551F2 /* Main.storyboard in Resources */ = {isa = PBXBuildFile; fileRef = 989867561F3D92D5008551F2 /* Main.storyboard */; };
		9898675A1F3D92D5008551F2 /* Assets.xcassets in Resources */ = {isa = PBXBuildFile; fileRef = 989867591F3D92D5008551F2 /* Assets.xcassets */; };
		9898675D1F3D92D5008551F2 /* LaunchScreen.storyboard in Resources */ = {isa = PBXBuildFile; fileRef = 9898675B1F3D92D5008551F2 /* LaunchScreen.storyboard */; };
		989867681F3D92D5008551F2 /* tippyTests.swift in Sources */ = {isa = PBXBuildFile; fileRef = 989867671F3D92D5008551F2 /* tippyTests.swift */; };
		989867731F3D92D5008551F2 /* tippyUITests.swift in Sources */ = {isa = PBXBuildFile; fileRef = 989867721F3D92D5008551F2 /* tippyUITests.swift */; };
		98B07A061F3EFD3200CF61CF /* SettingsTableViewController.swift in Sources */ = {isa = PBXBuildFile; fileRef = 98B07A051F3EFD3200CF61CF /* SettingsTableViewController.swift */; };
/* End PBXBuildFile section */

/* Begin PBXContainerItemProxy section */
		989867641F3D92D5008551F2 /* PBXContainerItemProxy */ = {
			isa = PBXContainerItemProxy;
			containerPortal = 989867471F3D92D4008551F2 /* Project object */;
			proxyType = 1;
			remoteGlobalIDString = 9898674E1F3D92D4008551F2;
			remoteInfo = tippy;
		};
		9898676F1F3D92D5008551F2 /* PBXContainerItemProxy */ = {
			isa = PBXContainerItemProxy;
			containerPortal = 989867471F3D92D4008551F2 /* Project object */;
			proxyType = 1;
			remoteGlobalIDString = 9898674E1F3D92D4008551F2;
			remoteInfo = tippy;
		};
/* End PBXContainerItemProxy section */

/* Begin PBXFileReference section */
		984197761F4173E3002A093B /* tippy.gif */ = {isa = PBXFileReference; lastKnownFileType = image.gif; name = tippy.gif; path = ../../tippy.gif; sourceTree = "<group>"; };
		984CDFD71F412B58009AE52F /* Constants.swift */ = {isa = PBXFileReference; fileEncoding = 4; lastKnownFileType = sourcecode.swift; path = Constants.swift; sourceTree = "<group>"; };
		9898674F1F3D92D5008551F2 /* tippy.app */ = {isa = PBXFileReference; explicitFileType = wrapper.application; includeInIndex = 0; name = tippy.app; path = "/Users/ye/Documents/Xcode/tippy/build/Debug-iphoneos/tippy.app"; sourceTree = "<absolute>"; };
		989867521F3D92D5008551F2 /* AppDelegate.swift */ = {isa = PBXFileReference; lastKnownFileType = sourcecode.swift; path = AppDelegate.swift; sourceTree = "<group>"; };
		989867541F3D92D5008551F2 /* ViewController.swift */ = {isa = PBXFileReference; lastKnownFileType = sourcecode.swift; path = ViewController.swift; sourceTree = "<group>"; };
		989867571F3D92D5008551F2 /* Base */ = {isa = PBXFileReference; lastKnownFileType = file.storyboard; name = Base; path = Base.lproj/Main.storyboard; sourceTree = "<group>"; };
		989867591F3D92D5008551F2 /* Assets.xcassets */ = {isa = PBXFileReference; lastKnownFileType = folder.assetcatalog; path = Assets.xcassets; sourceTree = "<group>"; };
		9898675C1F3D92D5008551F2 /* Base */ = {isa = PBXFileReference; lastKnownFileType = file.storyboard; name = Base; path = Base.lproj/LaunchScreen.storyboard; sourceTree = "<group>"; };
		9898675E1F3D92D5008551F2 /* Info.plist */ = {isa = PBXFileReference; lastKnownFileType = text.plist.xml; path = Info.plist; sourceTree = "<group>"; };
		989867631F3D92D5008551F2 /* tippyTests.xctest */ = {isa = PBXFileReference; explicitFileType = wrapper.cfbundle; includeInIndex = 0; name = tippyTests.xctest; path = "/Users/ye/Documents/Xcode/tippy/build/Debug-iphoneos/tippyTests.xctest"; sourceTree = "<absolute>"; };
		989867671F3D92D5008551F2 /* tippyTests.swift */ = {isa = PBXFileReference; lastKnownFileType = sourcecode.swift; path = tippyTests.swift; sourceTree = "<group>"; };
		989867691F3D92D5008551F2 /* Info.plist */ = {isa = PBXFileReference; lastKnownFileType = text.plist.xml; path = Info.plist; sourceTree = "<group>"; };
		9898676E1F3D92D5008551F2 /* tippyUITests.xctest */ = {isa = PBXFileReference; explicitFileType = wrapper.cfbundle; includeInIndex = 0; name = tippyUITests.xctest; path = "/Users/ye/Documents/Xcode/tippy/build/Debug-iphoneos/tippyUITests.xctest"; sourceTree = "<absolute>"; };
		989867721F3D92D5008551F2 /* tippyUITests.swift */ = {isa = PBXFileReference; lastKnownFileType = sourcecode.swift; path = tippyUITests.swift; sourceTree = "<group>"; };
		989867741F3D92D5008551F2 /* Info.plist */ = {isa = PBXFileReference; lastKnownFileType = text.plist.xml; path = Info.plist; sourceTree = "<group>"; };
		98B07A051F3EFD3200CF61CF /* SettingsTableViewController.swift */ = {isa = PBXFileReference; fileEncoding = 4; lastKnownFileType = sourcecode.swift; path = SettingsTableViewController.swift; sourceTree = "<group>"; };
/* End PBXFileReference section */

/* Begin PBXFrameworksBuildPhase section */
		9898674C1F3D92D4008551F2 /* Frameworks */ = {
			isa = PBXFrameworksBuildPhase;
			buildActionMask = 2147483647;
			files = (
			);
			runOnlyForDeploymentPostprocessing = 0;
		};
		989867601F3D92D5008551F2 /* Frameworks */ = {
			isa = PBXFrameworksBuildPhase;
			buildActionMask = 2147483647;
			files = (
			);
			runOnlyForDeploymentPostprocessing = 0;
		};
		9898676B1F3D92D5008551F2 /* Frameworks */ = {
			isa = PBXFrameworksBuildPhase;
			buildActionMask = 2147483647;
			files = (
			);
			runOnlyForDeploymentPostprocessing = 0;
		};
/* End PBXFrameworksBuildPhase section */

/* Begin PBXGroup section */
		989867461F3D92D4008551F2 = {
			isa = PBXGroup;
			children = (
				984197761F4173E3002A093B /* tippy.gif */,
				989867511F3D92D5008551F2 /* tippy */,
				989867661F3D92D5008551F2 /* tippyTests */,
				989867711F3D92D5008551F2 /* tippyUITests */,
			);
			sourceTree = "<group>";
		};
		989867511F3D92D5008551F2 /* tippy */ = {
			isa = PBXGroup;
			children = (
				989867521F3D92D5008551F2 /* AppDelegate.swift */,
				98B07A051F3EFD3200CF61CF /* SettingsTableViewController.swift */,
				989867541F3D92D5008551F2 /* ViewController.swift */,
				984CDFD71F412B58009AE52F /* Constants.swift */,
				989867561F3D92D5008551F2 /* Main.storyboard */,
				989867591F3D92D5008551F2 /* Assets.xcassets */,
				9898675B1F3D92D5008551F2 /* LaunchScreen.storyboard */,
				9898675E1F3D92D5008551F2 /* Info.plist */,
			);
			path = tippy;
			sourceTree = "<group>";
		};
		989867661F3D92D5008551F2 /* tippyTests */ = {
			isa = PBXGroup;
			children = (
				989867671F3D92D5008551F2 /* tippyTests.swift */,
				989867691F3D92D5008551F2 /* Info.plist */,
			);
			path = tippyTests;
			sourceTree = "<group>";
		};
		989867711F3D92D5008551F2 /* tippyUITests */ = {
			isa = PBXGroup;
			children = (
				989867721F3D92D5008551F2 /* tippyUITests.swift */,
				989867741F3D92D5008551F2 /* Info.plist */,
			);
			path = tippyUITests;
			sourceTree = "<group>";
		};
/* End PBXGroup section */

/* Begin PBXNativeTarget section */
		9898674E1F3D92D4008551F2 /* tippy */ = {
			isa = PBXNativeTarget;
			buildConfigurationList = 989867771F3D92D5008551F2 /* Build configuration list for PBXNativeTarget "tippy" */;
			buildPhases = (
				9898674B1F3D92D4008551F2 /* Sources */,
				9898674C1F3D92D4008551F2 /* Frameworks */,
				9898674D1F3D92D4008551F2 /* Resources */,
			);
			buildRules = (
			);
			dependencies = (
			);
			name = tippy;
			productName = tippy;
			productReference = 9898674F1F3D92D5008551F2 /* tippy.app */;
			productType = "com.apple.product-type.application";
		};
		989867621F3D92D5008551F2 /* tippyTests */ = {
			isa = PBXNativeTarget;
			buildConfigurationList = 9898677A1F3D92D5008551F2 /* Build configuration list for PBXNativeTarget "tippyTests" */;
			buildPhases = (
				9898675F1F3D92D5008551F2 /* Sources */,
				989867601F3D92D5008551F2 /* Frameworks */,
				989867611F3D92D5008551F2 /* Resources */,
			);
			buildRules = (
			);
			dependencies = (
				989867651F3D92D5008551F2 /* PBXTargetDependency */,
			);
			name = tippyTests;
			productName = tippyTests;
			productReference = 989867631F3D92D5008551F2 /* tippyTests.xctest */;
			productType = "com.apple.product-type.bundle.unit-test";
		};
		9898676D1F3D92D5008551F2 /* tippyUITests */ = {
			isa = PBXNativeTarget;
			buildConfigurationList = 9898677D1F3D92D5008551F2 /* Build configuration list for PBXNativeTarget "tippyUITests" */;
			buildPhases = (
				9898676A1F3D92D5008551F2 /* Sources */,
				9898676B1F3D92D5008551F2 /* Frameworks */,
				9898676C1F3D92D5008551F2 /* Resources */,
			);
			buildRules = (
			);
			dependencies = (
				989867701F3D92D5008551F2 /* PBXTargetDependency */,
			);
			name = tippyUITests;
			productName = tippyUITests;
			productReference = 9898676E1F3D92D5008551F2 /* tippyUITests.xctest */;
			productType = "com.apple.product-type.bundle.ui-testing";
		};
/* End PBXNativeTarget section */

/* Begin PBXProject section */
		989867471F3D92D4008551F2 /* Project object */ = {
			isa = PBXProject;
			attributes = {
				LastSwiftUpdateCheck = 0820;
				LastUpgradeCheck = 0820;
				ORGANIZATIONNAME = "Liqiang Ye";
				TargetAttributes = {
					9898674E1F3D92D4008551F2 = {
						CreatedOnToolsVersion = 8.2.1;
						ProvisioningStyle = Automatic;
					};
					989867621F3D92D5008551F2 = {
						CreatedOnToolsVersion = 8.2.1;
						ProvisioningStyle = Automatic;
						TestTargetID = 9898674E1F3D92D4008551F2;
					};
					9898676D1F3D92D5008551F2 = {
						CreatedOnToolsVersion = 8.2.1;
						ProvisioningStyle = Automatic;
						TestTargetID = 9898674E1F3D92D4008551F2;
					};
				};
			};
			buildConfigurationList = 9898674A1F3D92D4008551F2 /* Build configuration list for PBXProject "tippy" */;
			compatibilityVersion = "Xcode 3.2";
			developmentRegion = English;
			hasScannedForEncodings = 0;
			knownRegions = (
				en,
				Base,
			);
			mainGroup = 989867461F3D92D4008551F2;
			productRefGroup = 989867461F3D92D4008551F2;
			projectDirPath = "";
			projectRoot = "";
			targets = (
				9898674E1F3D92D4008551F2 /* tippy */,
				989867621F3D92D5008551F2 /* tippyTests */,
				9898676D1F3D92D5008551F2 /* tippyUITests */,
			);
		};
/* End PBXProject section */

/* Begin PBXResourcesBuildPhase section */
		9898674D1F3D92D4008551F2 /* Resources */ = {
			isa = PBXResourcesBuildPhase;
			buildActionMask = 2147483647;
			files = (
				9898675D1F3D92D5008551F2 /* LaunchScreen.storyboard in Resources */,
				9898675A1F3D92D5008551F2 /* Assets.xcassets in Resources */,
				989867581F3D92D5008551F2 /* Main.storyboard in Resources */,
				984197771F4173E3002A093B /* tippy.gif in Resources */,
			);
			runOnlyForDeploymentPostprocessing = 0;
		};
		989867611F3D92D5008551F2 /* Resources */ = {
			isa = PBXResourcesBuildPhase;
			buildActionMask = 2147483647;
			files = (
			);
			runOnlyForDeploymentPostprocessing = 0;
		};
		9898676C1F3D92D5008551F2 /* Resources */ = {
			isa = PBXResourcesBuildPhase;
			buildActionMask = 2147483647;
			files = (
			);
			runOnlyForDeploymentPostprocessing = 0;
		};
/* End PBXResourcesBuildPhase section */

/* Begin PBXSourcesBuildPhase section */
		9898674B1F3D92D4008551F2 /* Sources */ = {
			isa = PBXSourcesBuildPhase;
			buildActionMask = 2147483647;
			files = (
				989867551F3D92D5008551F2 /* ViewController.swift in Sources */,
				989867531F3D92D5008551F2 /* AppDelegate.swift in Sources */,
				98B07A061F3EFD3200CF61CF /* SettingsTableViewController.swift in Sources */,
				984CDFD81F412B58009AE52F /* Constants.swift in Sources */,
			);
			runOnlyForDeploymentPostprocessing = 0;
		};
		9898675F1F3D92D5008551F2 /* Sources */ = {
			isa = PBXSourcesBuildPhase;
			buildActionMask = 2147483647;
			files = (
				989867681F3D92D5008551F2 /* tippyTests.swift in Sources */,
			);
			runOnlyForDeploymentPostprocessing = 0;
		};
		9898676A1F3D92D5008551F2 /* Sources */ = {
			isa = PBXSourcesBuildPhase;
			buildActionMask = 2147483647;
			files = (
				989867731F3D92D5008551F2 /* tippyUITests.swift in Sources */,
			);
			runOnlyForDeploymentPostprocessing = 0;
		};
/* End PBXSourcesBuildPhase section */

/* Begin PBXTargetDependency section */
		989867651F3D92D5008551F2 /* PBXTargetDependency */ = {
			isa = PBXTargetDependency;
			target = 9898674E1F3D92D4008551F2 /* tippy */;
			targetProxy = 989867641F3D92D5008551F2 /* PBXContainerItemProxy */;
		};
		989867701F3D92D5008551F2 /* PBXTargetDependency */ = {
			isa = PBXTargetDependency;
			target = 9898674E1F3D92D4008551F2 /* tippy */;
			targetProxy = 9898676F1F3D92D5008551F2 /* PBXContainerItemProxy */;
		};
/* End PBXTargetDependency section */

/* Begin PBXVariantGroup section */
		989867561F3D92D5008551F2 /* Main.storyboard */ = {
			isa = PBXVariantGroup;
			children = (
				989867571F3D92D5008551F2 /* Base */,
			);
			name = Main.storyboard;
			sourceTree = "<group>";
		};
		9898675B1F3D92D5008551F2 /* LaunchScreen.storyboard */ = {
			isa = PBXVariantGroup;
			children = (
				9898675C1F3D92D5008551F2 /* Base */,
			);
			name = LaunchScreen.storyboard;
			sourceTree = "<group>";
		};
/* End PBXVariantGroup section */

/* Begin XCBuildConfiguration section */
		989867751F3D92D5008551F2 /* Debug */ = {
			isa = XCBuildConfiguration;
			buildSettings = {
				ALWAYS_SEARCH_USER_PATHS = NO;
				CLANG_ANALYZER_NONNULL = YES;
				CLANG_CXX_LANGUAGE_STANDARD = "gnu++0x";
				CLANG_CXX_LIBRARY = "libc++";
				CLANG_ENABLE_MODULES = YES;
				CLANG_ENABLE_OBJC_ARC = YES;
				CLANG_WARN_BOOL_CONVERSION = YES;
				CLANG_WARN_CONSTANT_CONVERSION = YES;
				CLANG_WARN_DIRECT_OBJC_ISA_USAGE = YES_ERROR;
				CLANG_WARN_DOCUMENTATION_COMMENTS = YES;
				CLANG_WARN_EMPTY_BODY = YES;
				CLANG_WARN_ENUM_CONVERSION = YES;
				CLANG_WARN_INFINITE_RECURSION = YES;
				CLANG_WARN_INT_CONVERSION = YES;
				CLANG_WARN_OBJC_ROOT_CLASS = YES_ERROR;
				CLANG_WARN_SUSPICIOUS_MOVE = YES;
				CLANG_WARN_UNREACHABLE_CODE = YES;
				CLANG_WARN__DUPLICATE_METHOD_MATCH = YES;
				"CODE_SIGN_IDENTITY[sdk=iphoneos*]" = "iPhone Developer";
				COPY_PHASE_STRIP = NO;
				DEBUG_INFORMATION_FORMAT = dwarf;
				ENABLE_STRICT_OBJC_MSGSEND = YES;
				ENABLE_TESTABILITY = YES;
				GCC_C_LANGUAGE_STANDARD = gnu99;
				GCC_DYNAMIC_NO_PIC = NO;
				GCC_NO_COMMON_BLOCKS = YES;
				GCC_OPTIMIZATION_LEVEL = 0;
				GCC_PREPROCESSOR_DEFINITIONS = (
					"DEBUG=1",
					"$(inherited)",
				);
				GCC_WARN_64_TO_32_BIT_CONVERSION = YES;
				GCC_WARN_ABOUT_RETURN_TYPE = YES_ERROR;
				GCC_WARN_UNDECLARED_SELECTOR = YES;
				GCC_WARN_UNINITIALIZED_AUTOS = YES_AGGRESSIVE;
				GCC_WARN_UNUSED_FUNCTION = YES;
				GCC_WARN_UNUSED_VARIABLE = YES;
				IPHONEOS_DEPLOYMENT_TARGET = 10.2;
				MTL_ENABLE_DEBUG_INFO = YES;
				ONLY_ACTIVE_ARCH = YES;
				SDKROOT = iphoneos;
				SWIFT_ACTIVE_COMPILATION_CONDITIONS = DEBUG;
				SWIFT_OPTIMIZATION_LEVEL = "-Onone";
			};
			name = Debug;
		};
		989867761F3D92D5008551F2 /* Release */ = {
			isa = XCBuildConfiguration;
			buildSettings = {
				ALWAYS_SEARCH_USER_PATHS = NO;
				CLANG_ANALYZER_NONNULL = YES;
				CLANG_CXX_LANGUAGE_STANDARD = "gnu++0x";
				CLANG_CXX_LIBRARY = "libc++";
				CLANG_ENABLE_MODULES = YES;
				CLANG_ENABLE_OBJC_ARC = YES;
				CLANG_WARN_BOOL_CONVERSION = YES;
				CLANG_WARN_CONSTANT_CONVERSION = YES;
				CLANG_WARN_DIRECT_OBJC_ISA_USAGE = YES_ERROR;
				CLANG_WARN_DOCUMENTATION_COMMENTS = YES;
				CLANG_WARN_EMPTY_BODY = YES;
				CLANG_WARN_ENUM_CONVERSION = YES;
				CLANG_WARN_INFINITE_RECURSION = YES;
				CLANG_WARN_INT_CONVERSION = YES;
				CLANG_WARN_OBJC_ROOT_CLASS = YES_ERROR;
				CLANG_WARN_SUSPICIOUS_MOVE = YES;
				CLANG_WARN_UNREACHABLE_CODE = YES;
				CLANG_WARN__DUPLICATE_METHOD_MATCH = YES;
				"CODE_SIGN_IDENTITY[sdk=iphoneos*]" = "iPhone Developer";
				COPY_PHASE_STRIP = NO;
				DEBUG_INFORMATION_FORMAT = "dwarf-with-dsym";
				ENABLE_NS_ASSERTIONS = NO;
				ENABLE_STRICT_OBJC_MSGSEND = YES;
				GCC_C_LANGUAGE_STANDARD = gnu99;
				GCC_NO_COMMON_BLOCKS = YES;
				GCC_WARN_64_TO_32_BIT_CONVERSION = YES;
				GCC_WARN_ABOUT_RETURN_TYPE = YES_ERROR;
				GCC_WARN_UNDECLARED_SELECTOR = YES;
				GCC_WARN_UNINITIALIZED_AUTOS = YES_AGGRESSIVE;
				GCC_WARN_UNUSED_FUNCTION = YES;
				GCC_WARN_UNUSED_VARIABLE = YES;
				IPHONEOS_DEPLOYMENT_TARGET = 10.2;
				MTL_ENABLE_DEBUG_INFO = NO;
				SDKROOT = iphoneos;
				SWIFT_OPTIMIZATION_LEVEL = "-Owholemodule";
				VALIDATE_PRODUCT = YES;
			};
			name = Release;
		};
		989867781F3D92D5008551F2 /* Debug */ = {
			isa = XCBuildConfiguration;
			buildSettings = {
				ASSETCATALOG_COMPILER_APPICON_NAME = AppIcon;
				INFOPLIST_FILE = tippy/Info.plist;
				LD_RUNPATH_SEARCH_PATHS = "$(inherited) @executable_path/Frameworks";
				PRODUCT_BUNDLE_IDENTIFIER = ai.liqiangye.tippy;
				PRODUCT_NAME = "$(TARGET_NAME)";
				SWIFT_VERSION = 3.0;
			};
			name = Debug;
		};
		989867791F3D92D5008551F2 /* Release */ = {
			isa = XCBuildConfiguration;
			buildSettings = {
				ASSETCATALOG_COMPILER_APPICON_NAME = AppIcon;
				INFOPLIST_FILE = tippy/Info.plist;
				LD_RUNPATH_SEARCH_PATHS = "$(inherited) @executable_path/Frameworks";
				PRODUCT_BUNDLE_IDENTIFIER = ai.liqiangye.tippy;
				PRODUCT_NAME = "$(TARGET_NAME)";
				SWIFT_VERSION = 3.0;
			};
			name = Release;
		};
		9898677B1F3D92D5008551F2 /* Debug */ = {
			isa = XCBuildConfiguration;
			buildSettings = {
				ALWAYS_EMBED_SWIFT_STANDARD_LIBRARIES = YES;
				BUNDLE_LOADER = "$(TEST_HOST)";
				INFOPLIST_FILE = tippyTests/Info.plist;
				LD_RUNPATH_SEARCH_PATHS = "$(inherited) @executable_path/Frameworks @loader_path/Frameworks";
				PRODUCT_BUNDLE_IDENTIFIER = ai.wilsonye.tippyTests;
				PRODUCT_NAME = "$(TARGET_NAME)";
				SWIFT_VERSION = 3.0;
				TEST_HOST = "$(BUILT_PRODUCTS_DIR)/tippy.app/tippy";
			};
			name = Debug;
		};
		9898677C1F3D92D5008551F2 /* Release */ = {
			isa = XCBuildConfiguration;
			buildSettings = {
				ALWAYS_EMBED_SWIFT_STANDARD_LIBRARIES = YES;
				BUNDLE_LOADER = "$(TEST_HOST)";
				INFOPLIST_FILE = tippyTests/Info.plist;
				LD_RUNPATH_SEARCH_PATHS = "$(inherited) @executable_path/Frameworks @loader_path/Frameworks";
				PRODUCT_BUNDLE_IDENTIFIER = ai.wilsonye.tippyTests;
				PRODUCT_NAME = "$(TARGET_NAME)";
				SWIFT_VERSION = 3.0;
				TEST_HOST = "$(BUILT_PRODUCTS_DIR)/tippy.app/tippy";
			};
			name = Release;
		};
		9898677E1F3D92D5008551F2 /* Debug */ = {
			isa = XCBuildConfiguration;
			buildSettings = {
				ALWAYS_EMBED_SWIFT_STANDARD_LIBRARIES = YES;
				INFOPLIST_FILE = tippyUITests/Info.plist;
				LD_RUNPATH_SEARCH_PATHS = "$(inherited) @executable_path/Frameworks @loader_path/Frameworks";
				PRODUCT_BUNDLE_IDENTIFIER = ai.wilsonye.tippyUITests;
				PRODUCT_NAME = "$(TARGET_NAME)";
				SWIFT_VERSION = 3.0;
				TEST_TARGET_NAME = tippy;
			};
			name = Debug;
		};
		9898677F1F3D92D5008551F2 /* Release */ = {
			isa = XCBuildConfiguration;
			buildSettings = {
				ALWAYS_EMBED_SWIFT_STANDARD_LIBRARIES = YES;
				INFOPLIST_FILE = tippyUITests/Info.plist;
				LD_RUNPATH_SEARCH_PATHS = "$(inherited) @executable_path/Frameworks @loader_path/Frameworks";
				PRODUCT_BUNDLE_IDENTIFIER = ai.wilsonye.tippyUITests;
				PRODUCT_NAME = "$(TARGET_NAME)";
				SWIFT_VERSION = 3.0;
				TEST_TARGET_NAME = tippy;
			};
			name = Release;
		};
/* End XCBuildConfiguration section */

/* Begin XCConfigurationList section */
		9898674A1F3D92D4008551F2 /* Build configuration list for PBXProject "tippy" */ = {
			isa = XCConfigurationList;
			buildConfigurations = (
				989867751F3D92D5008551F2 /* Debug */,
				989867761F3D92D5008551F2 /* Release */,
			);
			defaultConfigurationIsVisible = 0;
			defaultConfigurationName = Release;
		};
		989867771F3D92D5008551F2 /* Build configuration list for PBXNativeTarget "tippy" */ = {
			isa = XCConfigurationList;
			buildConfigurations = (
				989867781F3D92D5008551F2 /* Debug */,
				989867791F3D92D5008551F2 /* Release */,
			);
			defaultConfigurationIsVisible = 0;
			defaultConfigurationName = Release;
		};
		9898677A1F3D92D5008551F2 /* Build configuration list for PBXNativeTarget "tippyTests" */ = {
			isa = XCConfigurationList;
			buildConfigurations = (
				9898677B1F3D92D5008551F2 /* Debug */,
				9898677C1F3D92D5008551F2 /* Release */,
			);
			defaultConfigurationIsVisible = 0;
			defaultConfigurationName = Release;
		};
		9898677D1F3D92D5008551F2 /* Build configuration list for PBXNativeTarget "tippyUITests" */ = {
			isa = XCConfigurationList;
			buildConfigurations = (
				9898677E1F3D92D5008551F2 /* Debug */,
				9898677F1F3D92D5008551F2 /* Release */,
			);
			defaultConfigurationIsVisible = 0;
			defaultConfigurationName = Release;
		};
/* End XCConfigurationList section */
	};
	rootObject = 989867471F3D92D4008551F2 /* Project object */;
}
